<Solution>
  <Folder Name="/Solution Items/">
    <File Path=".editorconfig" />
    <File Path=".gitattributes" />
    <File Path=".github/workflows/ci.yml" />
    <File Path=".github/workflows/update-postal-database.yml" />
    <File Path=".gitignore" />
    <File Path="LICENSE" />
    <File Path="NOTICE.md" />
    <File Path="readme.md" />
  </Folder>
  <Folder Name="/src/">
    <Project Path="src/TaiwanUtilities/TaiwanUtilities.csproj" />
  </Folder>
  <Folder Name="/test/">
    <Project Path="test/TaiwanUtilities.Playground/TaiwanUtilities.Playground.csproj" />
    <Project Path="test/TaiwanUtilities.UnitTests/TaiwanUtilities.UnitTests.csproj" />
  </Folder>
  <Folder Name="/tools/">
    <Project Path="tools/postal/Postal.Builder/Postal.Builder.csproj" />
  </Folder>
</Solution>
